github.com/IBM/sarama v1.50.1 h1:OcXFv571hg+h6N8NL3mFIEdK+80t1m51kf/KZQtbfPA=
github.com/davecgh/go-spew v1.1.2-0.20180830191138-d8f796af33cc h1:U9qPSI2PIWSS1VwoXQT9A3Wy9MM3WgvqSxFWenqJduM=
github.com/facebookgo/clock v0.0.0-20150410010913-600d898af40a h1:yDWHCSQ40h88yih2JAcL6Ls/kVkSE8GFACTGVnMPruw=
github.com/fsnotify/fsnotify v1.10.1 h1:b0/UzAf9yR5rhf3RPm9gf3ehBPpf0oZKIjtpKrx59Ho=
github.com/go-co-op/gocron/v2 v2.18.0 h1:DS3Uhru66q1jy/5f9V0itmi3cLXcn2b7N+duGfgT7gU=
github.com/gogo/protobuf v1.3.2 h1:Ov1cvc58UF3b5XjBnZv7+opcTcQFZebYjWzi34vdm4Q=
github.com/golang/mock v1.6.0 h1:ErTB+efbowRARo13NNdxyJji2egdxLGQhRaY+DUumQc=
github.com/google/uuid v1.6.0 h1:NIvaJDMOsjHA8n1jAhLSgzrAzy1Hgr+hNrb57e+94F0=
github.com/gorundebug/servicelib v0.2.86 h1:UqySXpO7i+kuhKahXNEJi5qedVHaV2c4qVv63QrLo2s=
github.com/gorundebug/servicelib v0.2.86/go.mod h1:A6Kf5xjzzeGyJLtUJqnoQ0YC4xcIGPG6kB5nkZdCHfg=
github.com/grpc-ecosystem/go-grpc-middleware/v2 v2.3.2 h1:sGm2vDRFUrQJO/Veii4h4zG2vvqG6uWNkBHSTqXOZk0=
github.com/nexus-rpc/sdk-go v0.6.0 h1:QRgnP2zTbxEbiyWG/aXH8uSC5LV/Mg1fqb19jb4DBlo=
github.com/pmezard/go-difflib v1.0.1-0.20181226105442-5d4384ee4fb2 h1:Jamvg5psRIccs7FGNTlIRMkT8wgtp5eCXdBlqhYGL6U=
github.com/prometheus/client_golang v1.23.2 h1:Je96obch5RDVy3FDMndoUsjAhG5Edi49h0RJWRi/o0o=
github.com/robfig/cron v1.2.0 h1:ZjScXvvxeQ63Dbyxy76Fj3AT3Ut0aKsyd2/tl3DTMuQ=
github.com/robfig/cron/v3 v3.0.1 h1:WdRxkvbJztn8LMz/QEvLN5sBU+xKpSqwwUO1Pjr4qDs=
github.com/rs/xid v1.6.0 h1:fV591PaemRlL6JfRxGDEPl69wICngIQ3shQtzfy2gxU=
github.com/sirupsen/logrus v1.9.4 h1:TsZE7l11zFCLZnZ+teH4Umoq5BhEIfIzfRDZ1Uzql2w=
github.com/spf13/viper v1.21.0 h1:x5S+0EU27Lbphp4UKm1C+1oQO+rKx36vfCoaVebLFSU=
github.com/stretchr/objx v0.5.2 h1:xuMeJ0Sdp5ZMRXx/aWO6RZxdr3beISkG5/G/aIRr3pY=
github.com/stretchr/testify v1.10.0 h1:Xv5erBjTwe/5IxqUQTdXv5kgmIvbHo3QQyRwhJsOfJA=
github.com/stretchr/testify v1.10.0/go.mod h1:r2ic/lqez/lEtzL7wO/rwa5dbSLXVDPFyf8C91i36aY=
github.com/uber-go/tally/v4 v4.1.17 h1:C+U4BKtVDXTszuzU+WH8JVQvRVnaVKxzZrROFyDrvS8=
github.com/xdg-go/scram v1.2.0 h1:bYKF2AEwG5rqd1BumT4gAnvwU/M9nBp2pTSxeZw7Wvs=
go.opentelemetry.io/contrib/instrumentation/google.golang.org/grpc/otelgrpc v0.69.0 h1:2yEATaop1/a1I4psnSLgWVPLWwCzkqWakgJy7xTDVy0=
go.opentelemetry.io/contrib/instrumentation/net/http/otelhttp v0.69.0 h1:8tvICD4vSTOOsNrsI4Ljf6C+6UKvpTEH5XY3JMoyPoo=
go.opentelemetry.io/otel v1.44.0 h1:JjwHmHpA4iZ3wBxluu2fbbE7j4kqlE8jXyAyPXH7HqU=
go.opentelemetry.io/otel/exporters/otlp/otlplog/otlploggrpc v0.20.0 h1:rydZ9sxbcFdm/oWrVyfLTjHIygMgv0bEeMd+3B/BvoM=
go.opentelemetry.io/otel/exporters/otlp/otlpmetric/otlpmetricgrpc v1.44.0 h1:SUplec5dp06reu1zaXmOXdvqH398taqrDXqUl99jxSc=
go.opentelemetry.io/otel/exporters/otlp/otlptrace v1.44.0 h1:4YsVu3B8+3qtWYYrsUYgn0OG78pN0rnNPRGX4SbokQI=
go.opentelemetry.io/otel/exporters/otlp/otlptrace/otlptracegrpc v1.44.0 h1:qazEJlUOQzhCpzQpFETGby7EdqjI1wsd0W+6Gg1SCTU=
go.opentelemetry.io/otel/exporters/prometheus v0.66.0 h1:vkrK8PAznv2NKt2r+kdu252ccGzkEqLc2aSXbQIALYQ=
go.opentelemetry.io/otel/exporters/stdout/stdoutlog v0.20.0 h1:aZfdmtI6QU/DAPD4b7YZ5zuJgewxO1EW9miOZklqleU=
go.opentelemetry.io/otel/exporters/stdout/stdouttrace v1.44.0 h1:bl2S7Ubua0Nms+D/gAmznQTd4dxxMA93aKbcpKqiTCs=
go.opentelemetry.io/otel/log v0.20.0 h1:/5i0vuHxCLWUfChWG41K9wkM0jafruPw9NU1/RCJirs=
go.opentelemetry.io/otel/metric v1.44.0 h1:1w0gILTcHdr3YI+ixLyjemwrVnsMURbTZFrSYCdDdmc=
go.opentelemetry.io/otel/sdk v1.44.0 h1:nHYwb9lK+fJPU/dnT6s7W7Z8itMWyqrnVfbheVYrZ58=
go.opentelemetry.io/otel/sdk/log v0.20.0 h1:vM3xI7TQgKPiSghe6urZtAkyFY7SodrSpC83CffDFuY=
go.opentelemetry.io/otel/sdk/metric v1.44.0 h1:3LlKgI+VjbVsjNRFZJZAJ30WjXC5VkNRks6si09iEfI=
go.opentelemetry.io/otel/trace v1.44.0 h1:jxF5CsGYCe74MCRx2X4g7WsY/VBKRqqpNvXlX/6gtIk=
go.temporal.io/api v1.63.0 h1:YZFOTA0/thRUIUC4qunAWdHhPh/IG4vy/+WjfEvT+ZE=
go.temporal.io/sdk v1.44.1 h1:Mt2OZLZpqkzDIdg9YyQzO0Rb/HqCDnnqHlIAGAJ5gqM=
go.temporal.io/sdk v1.44.1/go.mod h1:vkApR12F9/Y8OR+hkxe7WyXQFuCX6clhzqnAk6rzDAM=
go.temporal.io/sdk/contrib/opentelemetry v0.8.0 h1:ljyWioqLaz0yjKJIoKDJbAE41GpyzyXWT28P7wyRvGU=
go.yaml.in/yaml/v3 v3.0.4 h1:tfq32ie2Jv2UxXFdLJdh3jXuOzWiL1fo0bu/FbuKpbc=
golang.org/x/exp v0.0.0-20260528193900-50dc527dd6c7 h1:cHpkPjp4TILjdZxz/O4ykwCpeS+dDqNuDGse4zgQDCk=
golang.org/x/sync v0.20.0 h1:e0PTpb7pjO8GAtTs2dQ6jYa5BWYlMuX047Dco/pItO4=
golang.org/x/sync v0.20.0/go.mod h1:9xrNwdLfx4jkKbNva9FpL6vEN7evnE43NNNJQ2LF3+0=
golang.org/x/sys v0.45.0 h1:dO4czNzziLiiXplLQgBCEpCvXQ3dnkn0SdaZSYdQ+FY=
golang.org/x/text v0.37.0 h1:Cqjiwd9eSg8e0QAkyCaQTNHFIIzWtidPahFWR83rTrc=
golang.org/x/time v0.3.0 h1:rg5rLMjNzMS1RkNLzCG38eapWhnYLFYXDXj2gOlr8j4=
google.golang.org/grpc v1.81.1 h1:VnnIIZ88UzOOKLukQi+ImGz8O1Wdp8nAGGnvOfEIWQQ=
google.golang.org/protobuf v1.36.11 h1:fV6ZwhNocDyBLK0dj+fg8ektcVegBBuEolpbTQyBNVE=
gopkg.in/yaml.v3 v3.0.1 h1:fxVm/GzAzEWqLHuvctI91KS9hhNmmWOoWu0XTYJS7CA=
